{
  "version": 4,
  "terraform_version": "1.4.6",
  "serial": 35,
  "lineage": "eafb560e-23db-3710-0f0f-d9d6f5d303cc",
  "outputs": {},
  "resources": [
    {
      "mode": "data",
      "type": "google_client_config",
      "name": "default",
      "provider": "provider[\"registry.terraform.io/hashicorp/google\"]",
      "instances": [
        {
          "schema_version": 0,
          "attributes": {
            "access_token": "ya29.c.b0Aaekm1IxnOSriFdVNvnJJJxOw7aBYQ1KwyPkeLYNQvLE9p2mZ9xjYLUYbSJQqNp6k9-ccCLJRyXrgoHRfI5XDNHboXnHgZzM2yT7amDsmcF1CRVlEuDIuxwGmInxvzcE74nJfrVfcUfW9wz7_IQtS4FBcHGv2URXAo3TLMxh9bbhiUrglJgMXQWHvFEuhaW2H0BKwZ66F4DzHnFPRG93GJfosRCdm9gjlWqs3Ccpd5qelOxhtst3ZdjIxjEEHGLinRFTMnRwlI-TMGAWa1PExEn1dEgxDpZv-BbrYuatF-6LNBKNNmKcMnkzFWSfW5uc0SWQvsZmJLUG340K2mJvr3cqXkbQucrdFcRYYmlvsmIWYXp0u3u1mw6o7F7fWj9pOt8vM4xymwqc2yuYvj77kt-1B3Bjce5gMV3fro_F_teunS6MwksZ6hWqg4Q3ejikSSb98om8ZlcefSjgexjjca1fVln0gU23F478jFn_9vpwWZ7qpq9c7QZ3kXdsFOjiui94Bhqr26v2BiQkJfXU0O6Vmk9d5B6xFuUnRfBMFVM2d9h2wRBrcWe7448126gzrxJ2ZR4uWWdl0hQhVlkgYOtF1-lQdsaqIxkxa6t2fuQuFznXVm57Z4Ja3VjIdsRkl-VXnkrF9Ztn8Z88pzf8ZrtBkSa2IV6Fqt1yzYWMbmxSISamMzJ9xQ5uazhbZfQroYtzg6XVznz-xY4pgljZvc6kM_XJlOzf-WiRMI0Bmg32UB6UFz3qndb2FBQSj_0Fxv0ldWq-grWp4yfvtoIx2j3vUYjjZp2i9mU2Xtfq8w5Otaa4BB2bqje7kuMbW7wu5q1WnpF9-eUUlyw7bvbB14fOJMzbXcWaatdOtibtIp4WBpj-hzUmrYUkIjgjI5ycMuQru8FRl0vkOphSQMvgzkts_6z9zMZ8dIp8pQx0de2WY-Ymr10s32erUnXxngomOBmO2zM_pncpe2ubr-q6s7UWhy8xtym1R6IxXOr3kxplpp_igeWxg-j",
            "id": "projects/\"csci5409kubernetes\"/regions/\"us-central1-c\"/zones/\u003cnull\u003e",
            "project": "csci5409kubernetes",
            "region": "us-central1-c",
            "zone": null
          },
          "sensitive_attributes": []
        }
      ]
    },
    {
      "module": "module.gke",
      "mode": "data",
      "type": "google_compute_zones",
      "name": "available",
      "provider": "provider[\"registry.terraform.io/hashicorp/google\"]",
      "instances": [
        {
          "schema_version": 0,
          "attributes": {
            "id": "projects/csci5409kubernetes/regions/us-central1-c",
            "names": [],
            "project": "csci5409kubernetes",
            "region": "us-central1-c",
            "status": null
          },
          "sensitive_attributes": []
        }
      ]
    },
    {
      "module": "module.gke",
      "mode": "data",
      "type": "google_container_engine_versions",
      "name": "region",
      "provider": "provider[\"registry.terraform.io/hashicorp/google\"]",
      "instances": [
        {
          "schema_version": 0,
          "attributes": {
            "default_cluster_version": "1.25.8-gke.1000",
            "id": "2023-06-18 19:38:18.694772 +0000 UTC",
            "latest_master_version": "1.27.2-gke.1200",
            "latest_node_version": "1.27.2-gke.1200",
            "location": "us-central1-c",
            "project": "csci5409kubernetes",
            "release_channel_default_version": {
              "RAPID": "1.27.2-gke.1200",
              "REGULAR": "1.25.8-gke.1000",
              "STABLE": "1.25.8-gke.1000"
            },
            "release_channel_latest_version": {
              "RAPID": "1.27.2-gke.1200",
              "REGULAR": "1.27.2-gke.1200",
              "STABLE": "1.26.5-gke.1200"
            },
            "valid_master_versions": [
              "1.27.2-gke.1200",
              "1.26.5-gke.1400",
              "1.26.5-gke.1200",
              "1.26.3-gke.1000",
              "1.25.10-gke.1400",
              "1.25.10-gke.1200",
              "1.25.9-gke.2300",
              "1.25.8-gke.1000",
              "1.25.8-gke.500",
              "1.24.14-gke.1400",
              "1.24.14-gke.1200",
              "1.24.13-gke.2500",
              "1.24.13-gke.500",
              "1.24.12-gke.1000",
              "1.24.12-gke.500",
              "1.23.17-gke.7000",
              "1.23.17-gke.6800",
              "1.23.17-gke.5600",
              "1.23.17-gke.3600",
              "1.23.17-gke.2000",
              "1.22.17-gke.12700",
              "1.22.17-gke.11400",
              "1.22.17-gke.8000",
              "1.21.14-gke.18800"
            ],
            "valid_node_versions": [
              "1.27.2-gke.1200",
              "1.26.5-gke.1400",
              "1.26.5-gke.1200",
              "1.26.4-gke.1400",
              "1.26.4-gke.500",
              "1.26.3-gke.1000",
              "1.26.3-gke.400",
              "1.26.2-gke.1000",
              "1.26.1-gke.1500",
              "1.25.10-gke.1400",
              "1.25.10-gke.1200",
              "1.25.9-gke.2300",
              "1.25.9-gke.400",
              "1.25.8-gke.1000",
              "1.25.8-gke.500",
              "1.25.7-gke.1000",
              "1.25.6-gke.1000",
              "1.25.6-gke.200",
              "1.25.5-gke.2000",
              "1.25.5-gke.1500",
              "1.25.4-gke.2100",
              "1.25.3-gke.800",
              "1.24.14-gke.1400",
              "1.24.14-gke.1200",
              "1.24.13-gke.2500",
              "1.24.13-gke.500",
              "1.24.12-gke.1000",
              "1.24.12-gke.500",
              "1.24.11-gke.1000",
              "1.24.10-gke.2300",
              "1.24.10-gke.1200",
              "1.24.9-gke.3200",
              "1.24.9-gke.2000",
              "1.24.9-gke.1500",
              "1.24.8-gke.2000",
              "1.24.8-gke.401",
              "1.24.7-gke.900",
              "1.24.6-gke.1500",
              "1.24.5-gke.600",
              "1.24.4-gke.800",
              "1.24.3-gke.2100",
              "1.24.3-gke.900",
              "1.24.3-gke.200",
              "1.24.2-gke.1900",
              "1.24.2-gke.300",
              "1.24.1-gke.1800",
              "1.24.1-gke.1400",
              "1.23.17-gke.7000",
              "1.23.17-gke.6800",
              "1.23.17-gke.5600",
              "1.23.17-gke.3600",
              "1.23.17-gke.2000",
              "1.23.17-gke.1700",
              "1.23.17-gke.300",
              "1.23.16-gke.2500",
              "1.23.16-gke.1400",
              "1.23.16-gke.1100",
              "1.23.16-gke.200",
              "1.23.15-gke.1900",
              "1.23.15-gke.1400",
              "1.23.14-gke.1800",
              "1.23.14-gke.401",
              "1.23.13-gke.900",
              "1.23.12-gke.1600",
              "1.23.12-gke.100",
              "1.23.11-gke.300",
              "1.23.10-gke.1000",
              "1.23.9-gke.2100",
              "1.23.9-gke.900",
              "1.23.8-gke.1900",
              "1.23.8-gke.400",
              "1.23.7-gke.1400",
              "1.23.6-gke.2200",
              "1.23.6-gke.1700",
              "1.23.6-gke.1501",
              "1.23.6-gke.1500",
              "1.23.5-gke.2400",
              "1.23.5-gke.1503",
              "1.23.5-gke.1501",
              "1.22.17-gke.12700",
              "1.22.17-gke.11400",
              "1.22.17-gke.9400",
              "1.22.17-gke.8000",
              "1.22.17-gke.7500",
              "1.22.17-gke.6100",
              "1.22.17-gke.5400",
              "1.22.17-gke.4300",
              "1.22.17-gke.4000",
              "1.22.17-gke.3100",
              "1.22.17-gke.1900",
              "1.22.17-gke.1400",
              "1.22.16-gke.2000",
              "1.22.16-gke.1300",
              "1.22.15-gke.2500",
              "1.22.15-gke.1000",
              "1.22.15-gke.100",
              "1.22.14-gke.300",
              "1.22.13-gke.1000",
              "1.22.12-gke.2300",
              "1.22.12-gke.1200",
              "1.22.12-gke.500",
              "1.22.12-gke.300",
              "1.22.11-gke.400",
              "1.22.10-gke.600",
              "1.22.9-gke.2000",
              "1.22.9-gke.1500",
              "1.22.9-gke.1300",
              "1.22.8-gke.2200",
              "1.22.8-gke.202",
              "1.22.8-gke.201",
              "1.22.8-gke.200",
              "1.22.7-gke.1500",
              "1.22.7-gke.1300",
              "1.22.7-gke.900",
              "1.22.7-gke.300",
              "1.22.6-gke.1000",
              "1.22.6-gke.300",
              "1.22.4-gke.1501",
              "1.22.3-gke.1500",
              "1.21.14-gke.18800",
              "1.21.14-gke.18100",
              "1.21.14-gke.15800",
              "1.21.14-gke.14600",
              "1.21.14-gke.14100",
              "1.21.14-gke.8500",
              "1.21.14-gke.7100",
              "1.21.14-gke.5300",
              "1.21.14-gke.4300",
              "1.21.14-gke.3000",
              "1.21.14-gke.2700",
              "1.21.14-gke.2100",
              "1.21.14-gke.700",
              "1.21.13-gke.900",
              "1.21.12-gke.2200",
              "1.21.12-gke.1700",
              "1.21.12-gke.1500",
              "1.21.11-gke.1900",
              "1.21.11-gke.1100",
              "1.21.11-gke.900",
              "1.21.10-gke.2000",
              "1.21.10-gke.1500",
              "1.21.10-gke.1300",
              "1.21.10-gke.400",
              "1.21.9-gke.1002",
              "1.21.9-gke.1001",
              "1.21.9-gke.1000",
              "1.21.9-gke.300",
              "1.21.6-gke.1503",
              "1.21.6-gke.1501",
              "1.21.6-gke.1500",
              "1.21.5-gke.1805",
              "1.21.5-gke.1802",
              "1.21.5-gke.1302",
              "1.21.5-gke.1300",
              "1.21.4-gke.2302",
              "1.21.4-gke.2300",
              "1.21.3-gke.2003",
              "1.21.3-gke.2001",
              "1.20.15-gke.13700",
              "1.20.15-gke.13400",
              "1.20.15-gke.12800",
              "1.20.15-gke.11400",
              "1.20.15-gke.9900",
              "1.20.15-gke.8700",
              "1.20.15-gke.8200",
              "1.20.15-gke.8000",
              "1.20.15-gke.6000",
              "1.20.15-gke.5200",
              "1.20.15-gke.5000",
              "1.20.15-gke.4100",
              "1.20.15-gke.3600",
              "1.20.15-gke.3400",
              "1.20.15-gke.2500",
              "1.20.15-gke.1000",
              "1.20.15-gke.300",
              "1.20.12-gke.1500",
              "1.20.11-gke.1801",
              "1.20.11-gke.1300",
              "1.20.10-gke.2100",
              "1.20.10-gke.1600",
              "1.20.10-gke.301",
              "1.20.9-gke.2100",
              "1.20.9-gke.1001",
              "1.20.9-gke.1000",
              "1.20.9-gke.701",
              "1.20.9-gke.700",
              "1.20.8-gke.2101",
              "1.20.8-gke.2100",
              "1.20.8-gke.900",
              "1.20.8-gke.700",
              "1.20.7-gke.2200",
              "1.20.7-gke.1800",
              "1.20.6-gke.1400",
              "1.20.6-gke.1000",
              "1.19.16-gke.15700",
              "1.19.16-gke.14500",
              "1.19.16-gke.14000",
              "1.19.16-gke.13800",
              "1.19.16-gke.11800",
              "1.19.16-gke.11000",
              "1.19.16-gke.10800",
              "1.19.16-gke.9900",
              "1.19.16-gke.9400",
              "1.19.16-gke.9200",
              "1.19.16-gke.8300",
              "1.19.16-gke.6800",
              "1.19.16-gke.6100",
              "1.19.16-gke.3600",
              "1.19.15-gke.1801",
              "1.19.15-gke.1300",
              "1.19.15-gke.500",
              "1.19.14-gke.2300",
              "1.19.14-gke.1900",
              "1.19.14-gke.301",
              "1.19.14-gke.300",
              "1.19.13-gke.1900",
              "1.19.13-gke.1200",
              "1.19.13-gke.701",
              "1.19.13-gke.700",
              "1.19.12-gke.2101",
              "1.19.12-gke.2100",
              "1.19.12-gke.1100",
              "1.19.12-gke.900",
              "1.19.12-gke.700",
              "1.19.11-gke.2101",
              "1.19.11-gke.2100",
              "1.19.11-gke.1701",
              "1.19.11-gke.1700",
              "1.19.10-gke.1701",
              "1.19.10-gke.1700",
              "1.19.10-gke.1601",
              "1.19.10-gke.1600",
              "1.19.10-gke.1001",
              "1.19.10-gke.1000",
              "1.19.9-gke.1900",
              "1.19.9-gke.1400",
              "1.19.9-gke.700",
              "1.19.9-gke.100",
              "1.19.8-gke.2000",
              "1.19.8-gke.1600",
              "1.19.8-gke.1000",
              "1.19.7-gke.2503",
              "1.19.7-gke.1500",
              "1.19.7-gke.1302",
              "1.19.7-gke.800",
              "1.19.6-gke.1700",
              "1.19.6-gke.1100",
              "1.19.6-gke.600",
              "1.18.20-gke.6101",
              "1.18.20-gke.6000",
              "1.18.20-gke.4501",
              "1.18.20-gke.4500",
              "1.18.20-gke.4100",
              "1.18.20-gke.3300",
              "1.18.20-gke.3001",
              "1.18.20-gke.3000",
              "1.18.20-gke.2300",
              "1.18.20-gke.901",
              "1.18.20-gke.900",
              "1.18.20-gke.501",
              "1.18.19-gke.2101",
              "1.18.19-gke.2100",
              "1.18.19-gke.1701",
              "1.18.19-gke.1700",
              "1.18.18-gke.1701",
              "1.18.18-gke.1700",
              "1.18.18-gke.1101",
              "1.18.18-gke.1100",
              "1.18.17-gke.1901",
              "1.18.17-gke.1900",
              "1.18.17-gke.1201",
              "1.18.17-gke.1200",
              "1.18.17-gke.700",
              "1.18.17-gke.100",
              "1.18.16-gke.2100",
              "1.18.16-gke.1201",
              "1.18.16-gke.1200",
              "1.18.16-gke.502",
              "1.18.16-gke.500",
              "1.18.16-gke.302",
              "1.18.16-gke.300",
              "1.18.15-gke.2500",
              "1.18.15-gke.1502",
              "1.18.15-gke.1501",
              "1.18.15-gke.1500",
              "1.18.15-gke.1102",
              "1.18.15-gke.1100",
              "1.18.15-gke.800",
              "1.18.14-gke.1600",
              "1.18.14-gke.1200",
              "1.18.12-gke.1210",
              "1.18.12-gke.1206",
              "1.18.12-gke.1205",
              "1.18.12-gke.1201",
              "1.18.12-gke.1200",
              "1.18.12-gke.300",
              "1.18.10-gke.2701",
              "1.18.10-gke.2101",
              "1.18.10-gke.1500",
              "1.18.10-gke.601",
              "1.18.9-gke.2501",
              "1.18.9-gke.1501",
              "1.18.9-gke.801",
              "1.18.6-gke.4801",
              "1.18.6-gke.3504",
              "1.18.6-gke.3503",
              "1.17.17-gke.9100",
              "1.17.17-gke.8500",
              "1.17.17-gke.8200",
              "1.17.17-gke.7800",
              "1.17.17-gke.7200",
              "1.17.17-gke.6700",
              "1.17.17-gke.6000",
              "1.17.17-gke.5400",
              "1.17.17-gke.4900",
              "1.17.17-gke.4400",
              "1.17.17-gke.3700",
              "1.17.17-gke.3000",
              "1.17.17-gke.2800",
              "1.17.17-gke.2500",
              "1.17.17-gke.1500",
              "1.17.17-gke.1101",
              "1.17.17-gke.1100",
              "1.17.17-gke.600",
              "1.17.16-gke.1600",
              "1.17.16-gke.1300",
              "1.17.15-gke.800",
              "1.17.15-gke.300",
              "1.17.14-gke.1600",
              "1.17.14-gke.1200",
              "1.17.14-gke.400",
              "1.17.13-gke.2600",
              "1.17.13-gke.2001",
              "1.17.13-gke.1401",
              "1.17.13-gke.1400",
              "1.17.13-gke.600",
              "1.17.12-gke.2502",
              "1.17.12-gke.1504",
              "1.17.12-gke.1501",
              "1.17.12-gke.500",
              "1.17.9-gke.6300",
              "1.17.9-gke.1504",
              "1.16.15-gke.14800",
              "1.16.15-gke.12500",
              "1.16.15-gke.11800",
              "1.16.15-gke.10600",
              "1.16.15-gke.7801",
              "1.16.15-gke.7800",
              "1.16.15-gke.7300",
              "1.16.15-gke.6900",
              "1.16.15-gke.6000",
              "1.16.15-gke.5500",
              "1.16.15-gke.4901",
              "1.16.15-gke.4301",
              "1.16.15-gke.4300",
              "1.16.15-gke.3500",
              "1.16.15-gke.2601",
              "1.16.15-gke.1600",
              "1.16.15-gke.500",
              "1.16.13-gke.404",
              "1.16.13-gke.403",
              "1.16.13-gke.401",
              "1.16.13-gke.400",
              "1.16.13-gke.1",
              "1.16.11-gke.5",
              "1.16.10-gke.8",
              "1.16.9-gke.6",
              "1.16.9-gke.2",
              "1.16.8-gke.15",
              "1.16.8-gke.12",
              "1.16.8-gke.9",
              "1.15.12-gke.6002",
              "1.15.12-gke.6001",
              "1.15.12-gke.5000",
              "1.15.12-gke.4002",
              "1.15.12-gke.4000",
              "1.15.12-gke.20",
              "1.15.12-gke.17",
              "1.15.12-gke.16",
              "1.15.12-gke.13",
              "1.15.12-gke.9",
              "1.15.12-gke.6",
              "1.15.12-gke.3",
              "1.15.12-gke.2",
              "1.15.11-gke.17",
              "1.15.11-gke.15",
              "1.15.11-gke.13",
              "1.15.11-gke.12",
              "1.15.11-gke.11",
              "1.15.11-gke.9",
              "1.15.11-gke.5",
              "1.15.11-gke.3",
              "1.15.11-gke.1",
              "1.15.9-gke.26",
              "1.15.9-gke.24",
              "1.15.9-gke.22",
              "1.15.9-gke.12",
              "1.15.9-gke.9",
              "1.15.9-gke.8",
              "1.15.8-gke.3",
              "1.15.8-gke.2",
              "1.15.7-gke.23",
              "1.15.7-gke.2",
              "1.15.4-gke.22",
              "1.14.10-gke.1504",
              "1.14.10-gke.902",
              "1.14.10-gke.50",
              "1.14.10-gke.46",
              "1.14.10-gke.45",
              "1.14.10-gke.42",
              "1.14.10-gke.41",
              "1.14.10-gke.40",
              "1.14.10-gke.37",
              "1.14.10-gke.36",
              "1.14.10-gke.34",
              "1.14.10-gke.32",
              "1.14.10-gke.31",
              "1.14.10-gke.27",
              "1.14.10-gke.24",
              "1.14.10-gke.22",
              "1.14.10-gke.21",
              "1.14.10-gke.17",
              "1.14.10-gke.0",
              "1.14.9-gke.23",
              "1.14.9-gke.2",
              "1.14.9-gke.0",
              "1.14.8-gke.33",
              "1.14.8-gke.21",
              "1.14.8-gke.18",
              "1.14.8-gke.17",
              "1.14.8-gke.14",
              "1.14.8-gke.12",
              "1.14.8-gke.7",
              "1.14.8-gke.2",
              "1.14.7-gke.40",
              "1.14.7-gke.25",
              "1.14.7-gke.23",
              "1.14.7-gke.17",
              "1.14.7-gke.14",
              "1.14.7-gke.10",
              "1.14.6-gke.13",
              "1.14.6-gke.2",
              "1.14.6-gke.1",
              "1.14.3-gke.11",
              "1.14.3-gke.10",
              "1.14.3-gke.9",
              "1.14.2-gke.9",
              "1.14.1-gke.5",
              "1.13.12-gke.30",
              "1.13.12-gke.25",
              "1.13.12-gke.17",
              "1.13.12-gke.16",
              "1.13.12-gke.14",
              "1.13.12-gke.13",
              "1.13.12-gke.10",
              "1.13.12-gke.8",
              "1.13.12-gke.4",
              "1.13.12-gke.2",
              "1.13.11-gke.23",
              "1.13.11-gke.15",
              "1.13.11-gke.14",
              "1.13.11-gke.12",
              "1.13.11-gke.11",
              "1.13.11-gke.9",
              "1.13.11-gke.5",
              "1.13.10-gke.7",
              "1.13.10-gke.0",
              "1.13.9-gke.11",
              "1.13.9-gke.3",
              "1.13.7-gke.24",
              "1.13.7-gke.19",
              "1.13.7-gke.15",
              "1.13.7-gke.8",
              "1.13.7-gke.0",
              "1.13.6-gke.13",
              "1.13.6-gke.6",
              "1.13.6-gke.5",
              "1.13.6-gke.0",
              "1.13.5-gke.10",
              "1.12.10-gke.22",
              "1.12.10-gke.20",
              "1.12.10-gke.19",
              "1.12.10-gke.18",
              "1.12.10-gke.17",
              "1.12.10-gke.15",
              "1.12.10-gke.13",
              "1.12.10-gke.11",
              "1.12.10-gke.5",
              "1.12.9-gke.16",
              "1.12.9-gke.15",
              "1.12.9-gke.13",
              "1.12.9-gke.10",
              "1.12.9-gke.7",
              "1.12.9-gke.3",
              "1.12.8-gke.12",
              "1.12.8-gke.10",
              "1.12.8-gke.7",
              "1.12.8-gke.6",
              "1.12.7-gke.26",
              "1.12.7-gke.25",
              "1.12.7-gke.24",
              "1.12.7-gke.22",
              "1.12.7-gke.21",
              "1.12.7-gke.17",
              "1.12.7-gke.10",
              "1.12.7-gke.7",
              "1.12.6-gke.11",
              "1.12.6-gke.10",
              "1.12.6-gke.7",
              "1.12.5-gke.10",
              "1.12.5-gke.5",
              "1.11.10-gke.6",
              "1.11.10-gke.5"
            ],
            "version_prefix": null
          },
          "sensitive_attributes": []
        }
      ]
    },
    {
      "module": "module.gke",
      "mode": "data",
      "type": "google_container_engine_versions",
      "name": "zone",
      "provider": "provider[\"registry.terraform.io/hashicorp/google\"]",
      "instances": [
        {
          "schema_version": 0,
          "attributes": {
            "default_cluster_version": "1.25.8-gke.1000",
            "id": "2023-06-18 19:38:19.080199 +0000 UTC",
            "latest_master_version": "1.27.2-gke.1200",
            "latest_node_version": "1.27.2-gke.1200",
            "location": "us-central1-c",
            "project": "csci5409kubernetes",
            "release_channel_default_version": {
              "RAPID": "1.27.2-gke.1200",
              "REGULAR": "1.25.8-gke.1000",
              "STABLE": "1.25.8-gke.1000"
            },
            "release_channel_latest_version": {
              "RAPID": "1.27.2-gke.1200",
              "REGULAR": "1.27.2-gke.1200",
              "STABLE": "1.26.5-gke.1200"
            },
            "valid_master_versions": [
              "1.27.2-gke.1200",
              "1.26.5-gke.1400",
              "1.26.5-gke.1200",
              "1.26.3-gke.1000",
              "1.25.10-gke.1400",
              "1.25.10-gke.1200",
              "1.25.9-gke.2300",
              "1.25.8-gke.1000",
              "1.25.8-gke.500",
              "1.24.14-gke.1400",
              "1.24.14-gke.1200",
              "1.24.13-gke.2500",
              "1.24.13-gke.500",
              "1.24.12-gke.1000",
              "1.24.12-gke.500",
              "1.23.17-gke.7000",
              "1.23.17-gke.6800",
              "1.23.17-gke.5600",
              "1.23.17-gke.3600",
              "1.23.17-gke.2000",
              "1.22.17-gke.12700",
              "1.22.17-gke.11400",
              "1.22.17-gke.8000",
              "1.21.14-gke.18800"
            ],
            "valid_node_versions": [
              "1.27.2-gke.1200",
              "1.26.5-gke.1400",
              "1.26.5-gke.1200",
              "1.26.4-gke.1400",
              "1.26.4-gke.500",
              "1.26.3-gke.1000",
              "1.26.3-gke.400",
              "1.26.2-gke.1000",
              "1.26.1-gke.1500",
              "1.25.10-gke.1400",
              "1.25.10-gke.1200",
              "1.25.9-gke.2300",
              "1.25.9-gke.400",
              "1.25.8-gke.1000",
              "1.25.8-gke.500",
              "1.25.7-gke.1000",
              "1.25.6-gke.1000",
              "1.25.6-gke.200",
              "1.25.5-gke.2000",
              "1.25.5-gke.1500",
              "1.25.4-gke.2100",
              "1.25.3-gke.800",
              "1.24.14-gke.1400",
              "1.24.14-gke.1200",
              "1.24.13-gke.2500",
              "1.24.13-gke.500",
              "1.24.12-gke.1000",
              "1.24.12-gke.500",
              "1.24.11-gke.1000",
              "1.24.10-gke.2300",
              "1.24.10-gke.1200",
              "1.24.9-gke.3200",
              "1.24.9-gke.2000",
              "1.24.9-gke.1500",
              "1.24.8-gke.2000",
              "1.24.8-gke.401",
              "1.24.7-gke.900",
              "1.24.6-gke.1500",
              "1.24.5-gke.600",
              "1.24.4-gke.800",
              "1.24.3-gke.2100",
              "1.24.3-gke.900",
              "1.24.3-gke.200",
              "1.24.2-gke.1900",
              "1.24.2-gke.300",
              "1.24.1-gke.1800",
              "1.24.1-gke.1400",
              "1.23.17-gke.7000",
              "1.23.17-gke.6800",
              "1.23.17-gke.5600",
              "1.23.17-gke.3600",
              "1.23.17-gke.2000",
              "1.23.17-gke.1700",
              "1.23.17-gke.300",
              "1.23.16-gke.2500",
              "1.23.16-gke.1400",
              "1.23.16-gke.1100",
              "1.23.16-gke.200",
              "1.23.15-gke.1900",
              "1.23.15-gke.1400",
              "1.23.14-gke.1800",
              "1.23.14-gke.401",
              "1.23.13-gke.900",
              "1.23.12-gke.1600",
              "1.23.12-gke.100",
              "1.23.11-gke.300",
              "1.23.10-gke.1000",
              "1.23.9-gke.2100",
              "1.23.9-gke.900",
              "1.23.8-gke.1900",
              "1.23.8-gke.400",
              "1.23.7-gke.1400",
              "1.23.6-gke.2200",
              "1.23.6-gke.1700",
              "1.23.6-gke.1501",
              "1.23.6-gke.1500",
              "1.23.5-gke.2400",
              "1.23.5-gke.1503",
              "1.23.5-gke.1501",
              "1.22.17-gke.12700",
              "1.22.17-gke.11400",
              "1.22.17-gke.9400",
              "1.22.17-gke.8000",
              "1.22.17-gke.7500",
              "1.22.17-gke.6100",
              "1.22.17-gke.5400",
              "1.22.17-gke.4300",
              "1.22.17-gke.4000",
              "1.22.17-gke.3100",
              "1.22.17-gke.1900",
              "1.22.17-gke.1400",
              "1.22.16-gke.2000",
              "1.22.16-gke.1300",
              "1.22.15-gke.2500",
              "1.22.15-gke.1000",
              "1.22.15-gke.100",
              "1.22.14-gke.300",
              "1.22.13-gke.1000",
              "1.22.12-gke.2300",
              "1.22.12-gke.1200",
              "1.22.12-gke.500",
              "1.22.12-gke.300",
              "1.22.11-gke.400",
              "1.22.10-gke.600",
              "1.22.9-gke.2000",
              "1.22.9-gke.1500",
              "1.22.9-gke.1300",
              "1.22.8-gke.2200",
              "1.22.8-gke.202",
              "1.22.8-gke.201",
              "1.22.8-gke.200",
              "1.22.7-gke.1500",
              "1.22.7-gke.1300",
              "1.22.7-gke.900",
              "1.22.7-gke.300",
              "1.22.6-gke.1000",
              "1.22.6-gke.300",
              "1.22.4-gke.1501",
              "1.22.3-gke.1500",
              "1.21.14-gke.18800",
              "1.21.14-gke.18100",
              "1.21.14-gke.15800",
              "1.21.14-gke.14600",
              "1.21.14-gke.14100",
              "1.21.14-gke.8500",
              "1.21.14-gke.7100",
              "1.21.14-gke.5300",
              "1.21.14-gke.4300",
              "1.21.14-gke.3000",
              "1.21.14-gke.2700",
              "1.21.14-gke.2100",
              "1.21.14-gke.700",
              "1.21.13-gke.900",
              "1.21.12-gke.2200",
              "1.21.12-gke.1700",
              "1.21.12-gke.1500",
              "1.21.11-gke.1900",
              "1.21.11-gke.1100",
              "1.21.11-gke.900",
              "1.21.10-gke.2000",
              "1.21.10-gke.1500",
              "1.21.10-gke.1300",
              "1.21.10-gke.400",
              "1.21.9-gke.1002",
              "1.21.9-gke.1001",
              "1.21.9-gke.1000",
              "1.21.9-gke.300",
              "1.21.6-gke.1503",
              "1.21.6-gke.1501",
              "1.21.6-gke.1500",
              "1.21.5-gke.1805",
              "1.21.5-gke.1802",
              "1.21.5-gke.1302",
              "1.21.5-gke.1300",
              "1.21.4-gke.2302",
              "1.21.4-gke.2300",
              "1.21.3-gke.2003",
              "1.21.3-gke.2001",
              "1.20.15-gke.13700",
              "1.20.15-gke.13400",
              "1.20.15-gke.12800",
              "1.20.15-gke.11400",
              "1.20.15-gke.9900",
              "1.20.15-gke.8700",
              "1.20.15-gke.8200",
              "1.20.15-gke.8000",
              "1.20.15-gke.6000",
              "1.20.15-gke.5200",
              "1.20.15-gke.5000",
              "1.20.15-gke.4100",
              "1.20.15-gke.3600",
              "1.20.15-gke.3400",
              "1.20.15-gke.2500",
              "1.20.15-gke.1000",
              "1.20.15-gke.300",
              "1.20.12-gke.1500",
              "1.20.11-gke.1801",
              "1.20.11-gke.1300",
              "1.20.10-gke.2100",
              "1.20.10-gke.1600",
              "1.20.10-gke.301",
              "1.20.9-gke.2100",
              "1.20.9-gke.1001",
              "1.20.9-gke.1000",
              "1.20.9-gke.701",
              "1.20.9-gke.700",
              "1.20.8-gke.2101",
              "1.20.8-gke.2100",
              "1.20.8-gke.900",
              "1.20.8-gke.700",
              "1.20.7-gke.2200",
              "1.20.7-gke.1800",
              "1.20.6-gke.1400",
              "1.20.6-gke.1000",
              "1.19.16-gke.15700",
              "1.19.16-gke.14500",
              "1.19.16-gke.14000",
              "1.19.16-gke.13800",
              "1.19.16-gke.11800",
              "1.19.16-gke.11000",
              "1.19.16-gke.10800",
              "1.19.16-gke.9900",
              "1.19.16-gke.9400",
              "1.19.16-gke.9200",
              "1.19.16-gke.8300",
              "1.19.16-gke.6800",
              "1.19.16-gke.6100",
              "1.19.16-gke.3600",
              "1.19.15-gke.1801",
              "1.19.15-gke.1300",
              "1.19.15-gke.500",
              "1.19.14-gke.2300",
              "1.19.14-gke.1900",
              "1.19.14-gke.301",
              "1.19.14-gke.300",
              "1.19.13-gke.1900",
              "1.19.13-gke.1200",
              "1.19.13-gke.701",
              "1.19.13-gke.700",
              "1.19.12-gke.2101",
              "1.19.12-gke.2100",
              "1.19.12-gke.1100",
              "1.19.12-gke.900",
              "1.19.12-gke.700",
              "1.19.11-gke.2101",
              "1.19.11-gke.2100",
              "1.19.11-gke.1701",
              "1.19.11-gke.1700",
              "1.19.10-gke.1701",
              "1.19.10-gke.1700",
              "1.19.10-gke.1601",
              "1.19.10-gke.1600",
              "1.19.10-gke.1001",
              "1.19.10-gke.1000",
              "1.19.9-gke.1900",
              "1.19.9-gke.1400",
              "1.19.9-gke.700",
              "1.19.9-gke.100",
              "1.19.8-gke.2000",
              "1.19.8-gke.1600",
              "1.19.8-gke.1000",
              "1.19.7-gke.2503",
              "1.19.7-gke.1500",
              "1.19.7-gke.1302",
              "1.19.7-gke.800",
              "1.19.6-gke.1700",
              "1.19.6-gke.1100",
              "1.19.6-gke.600",
              "1.18.20-gke.6101",
              "1.18.20-gke.6000",
              "1.18.20-gke.4501",
              "1.18.20-gke.4500",
              "1.18.20-gke.4100",
              "1.18.20-gke.3300",
              "1.18.20-gke.3001",
              "1.18.20-gke.3000",
              "1.18.20-gke.2300",
              "1.18.20-gke.901",
              "1.18.20-gke.900",
              "1.18.20-gke.501",
              "1.18.19-gke.2101",
              "1.18.19-gke.2100",
              "1.18.19-gke.1701",
              "1.18.19-gke.1700",
              "1.18.18-gke.1701",
              "1.18.18-gke.1700",
              "1.18.18-gke.1101",
              "1.18.18-gke.1100",
              "1.18.17-gke.1901",
              "1.18.17-gke.1900",
              "1.18.17-gke.1201",
              "1.18.17-gke.1200",
              "1.18.17-gke.700",
              "1.18.17-gke.100",
              "1.18.16-gke.2100",
              "1.18.16-gke.1201",
              "1.18.16-gke.1200",
              "1.18.16-gke.502",
              "1.18.16-gke.500",
              "1.18.16-gke.302",
              "1.18.16-gke.300",
              "1.18.15-gke.2500",
              "1.18.15-gke.1502",
              "1.18.15-gke.1501",
              "1.18.15-gke.1500",
              "1.18.15-gke.1102",
              "1.18.15-gke.1100",
              "1.18.15-gke.800",
              "1.18.14-gke.1600",
              "1.18.14-gke.1200",
              "1.18.12-gke.1210",
              "1.18.12-gke.1206",
              "1.18.12-gke.1205",
              "1.18.12-gke.1201",
              "1.18.12-gke.1200",
              "1.18.12-gke.300",
              "1.18.10-gke.2701",
              "1.18.10-gke.2101",
              "1.18.10-gke.1500",
              "1.18.10-gke.601",
              "1.18.9-gke.2501",
              "1.18.9-gke.1501",
              "1.18.9-gke.801",
              "1.18.6-gke.4801",
              "1.18.6-gke.3504",
              "1.18.6-gke.3503",
              "1.17.17-gke.9100",
              "1.17.17-gke.8500",
              "1.17.17-gke.8200",
              "1.17.17-gke.7800",
              "1.17.17-gke.7200",
              "1.17.17-gke.6700",
              "1.17.17-gke.6000",
              "1.17.17-gke.5400",
              "1.17.17-gke.4900",
              "1.17.17-gke.4400",
              "1.17.17-gke.3700",
              "1.17.17-gke.3000",
              "1.17.17-gke.2800",
              "1.17.17-gke.2500",
              "1.17.17-gke.1500",
              "1.17.17-gke.1101",
              "1.17.17-gke.1100",
              "1.17.17-gke.600",
              "1.17.16-gke.1600",
              "1.17.16-gke.1300",
              "1.17.15-gke.800",
              "1.17.15-gke.300",
              "1.17.14-gke.1600",
              "1.17.14-gke.1200",
              "1.17.14-gke.400",
              "1.17.13-gke.2600",
              "1.17.13-gke.2001",
              "1.17.13-gke.1401",
              "1.17.13-gke.1400",
              "1.17.13-gke.600",
              "1.17.12-gke.2502",
              "1.17.12-gke.1504",
              "1.17.12-gke.1501",
              "1.17.12-gke.500",
              "1.17.9-gke.6300",
              "1.17.9-gke.1504",
              "1.16.15-gke.14800",
              "1.16.15-gke.12500",
              "1.16.15-gke.11800",
              "1.16.15-gke.10600",
              "1.16.15-gke.7801",
              "1.16.15-gke.7800",
              "1.16.15-gke.7300",
              "1.16.15-gke.6900",
              "1.16.15-gke.6000",
              "1.16.15-gke.5500",
              "1.16.15-gke.4901",
              "1.16.15-gke.4301",
              "1.16.15-gke.4300",
              "1.16.15-gke.3500",
              "1.16.15-gke.2601",
              "1.16.15-gke.1600",
              "1.16.15-gke.500",
              "1.16.13-gke.404",
              "1.16.13-gke.403",
              "1.16.13-gke.401",
              "1.16.13-gke.400",
              "1.16.13-gke.1",
              "1.16.11-gke.5",
              "1.16.10-gke.8",
              "1.16.9-gke.6",
              "1.16.9-gke.2",
              "1.16.8-gke.15",
              "1.16.8-gke.12",
              "1.16.8-gke.9",
              "1.15.12-gke.6002",
              "1.15.12-gke.6001",
              "1.15.12-gke.5000",
              "1.15.12-gke.4002",
              "1.15.12-gke.4000",
              "1.15.12-gke.20",
              "1.15.12-gke.17",
              "1.15.12-gke.16",
              "1.15.12-gke.13",
              "1.15.12-gke.9",
              "1.15.12-gke.6",
              "1.15.12-gke.3",
              "1.15.12-gke.2",
              "1.15.11-gke.17",
              "1.15.11-gke.15",
              "1.15.11-gke.13",
              "1.15.11-gke.12",
              "1.15.11-gke.11",
              "1.15.11-gke.9",
              "1.15.11-gke.5",
              "1.15.11-gke.3",
              "1.15.11-gke.1",
              "1.15.9-gke.26",
              "1.15.9-gke.24",
              "1.15.9-gke.22",
              "1.15.9-gke.12",
              "1.15.9-gke.9",
              "1.15.9-gke.8",
              "1.15.8-gke.3",
              "1.15.8-gke.2",
              "1.15.7-gke.23",
              "1.15.7-gke.2",
              "1.15.4-gke.22",
              "1.14.10-gke.1504",
              "1.14.10-gke.902",
              "1.14.10-gke.50",
              "1.14.10-gke.46",
              "1.14.10-gke.45",
              "1.14.10-gke.42",
              "1.14.10-gke.41",
              "1.14.10-gke.40",
              "1.14.10-gke.37",
              "1.14.10-gke.36",
              "1.14.10-gke.34",
              "1.14.10-gke.32",
              "1.14.10-gke.31",
              "1.14.10-gke.27",
              "1.14.10-gke.24",
              "1.14.10-gke.22",
              "1.14.10-gke.21",
              "1.14.10-gke.17",
              "1.14.10-gke.0",
              "1.14.9-gke.23",
              "1.14.9-gke.2",
              "1.14.9-gke.0",
              "1.14.8-gke.33",
              "1.14.8-gke.21",
              "1.14.8-gke.18",
              "1.14.8-gke.17",
              "1.14.8-gke.14",
              "1.14.8-gke.12",
              "1.14.8-gke.7",
              "1.14.8-gke.2",
              "1.14.7-gke.40",
              "1.14.7-gke.25",
              "1.14.7-gke.23",
              "1.14.7-gke.17",
              "1.14.7-gke.14",
              "1.14.7-gke.10",
              "1.14.6-gke.13",
              "1.14.6-gke.2",
              "1.14.6-gke.1",
              "1.14.3-gke.11",
              "1.14.3-gke.10",
              "1.14.3-gke.9",
              "1.14.2-gke.9",
              "1.14.1-gke.5",
              "1.13.12-gke.30",
              "1.13.12-gke.25",
              "1.13.12-gke.17",
              "1.13.12-gke.16",
              "1.13.12-gke.14",
              "1.13.12-gke.13",
              "1.13.12-gke.10",
              "1.13.12-gke.8",
              "1.13.12-gke.4",
              "1.13.12-gke.2",
              "1.13.11-gke.23",
              "1.13.11-gke.15",
              "1.13.11-gke.14",
              "1.13.11-gke.12",
              "1.13.11-gke.11",
              "1.13.11-gke.9",
              "1.13.11-gke.5",
              "1.13.10-gke.7",
              "1.13.10-gke.0",
              "1.13.9-gke.11",
              "1.13.9-gke.3",
              "1.13.7-gke.24",
              "1.13.7-gke.19",
              "1.13.7-gke.15",
              "1.13.7-gke.8",
              "1.13.7-gke.0",
              "1.13.6-gke.13",
              "1.13.6-gke.6",
              "1.13.6-gke.5",
              "1.13.6-gke.0",
              "1.13.5-gke.10",
              "1.12.10-gke.22",
              "1.12.10-gke.20",
              "1.12.10-gke.19",
              "1.12.10-gke.18",
              "1.12.10-gke.17",
              "1.12.10-gke.15",
              "1.12.10-gke.13",
              "1.12.10-gke.11",
              "1.12.10-gke.5",
              "1.12.9-gke.16",
              "1.12.9-gke.15",
              "1.12.9-gke.13",
              "1.12.9-gke.10",
              "1.12.9-gke.7",
              "1.12.9-gke.3",
              "1.12.8-gke.12",
              "1.12.8-gke.10",
              "1.12.8-gke.7",
              "1.12.8-gke.6",
              "1.12.7-gke.26",
              "1.12.7-gke.25",
              "1.12.7-gke.24",
              "1.12.7-gke.22",
              "1.12.7-gke.21",
              "1.12.7-gke.17",
              "1.12.7-gke.10",
              "1.12.7-gke.7",
              "1.12.6-gke.11",
              "1.12.6-gke.10",
              "1.12.6-gke.7",
              "1.12.5-gke.10",
              "1.12.5-gke.5",
              "1.11.10-gke.6",
              "1.11.10-gke.5"
            ],
            "version_prefix": null
          },
          "sensitive_attributes": []
        }
      ]
    },
    {
      "module": "module.gke",
      "mode": "managed",
      "type": "google_container_node_pool",
      "name": "pools",
      "provider": "provider[\"registry.terraform.io/hashicorp/google\"]",
      "instances": []
    },
    {
      "module": "module.gke",
      "mode": "managed",
      "type": "google_project_iam_member",
      "name": "cluster_service_account-metric_writer",
      "provider": "provider[\"registry.terraform.io/hashicorp/google\"]",
      "instances": []
    },
    {
      "module": "module.gke",
      "mode": "managed",
      "type": "google_project_iam_member",
      "name": "cluster_service_account-monitoring_viewer",
      "provider": "provider[\"registry.terraform.io/hashicorp/google\"]",
      "instances": []
    },
    {
      "module": "module.gke",
      "mode": "managed",
      "type": "google_project_iam_member",
      "name": "cluster_service_account-resourceMetadata-writer",
      "provider": "provider[\"registry.terraform.io/hashicorp/google\"]",
      "instances": []
    },
    {
      "module": "module.gke",
      "mode": "managed",
      "type": "google_service_account",
      "name": "cluster_service_account",
      "provider": "provider[\"registry.terraform.io/hashicorp/google\"]",
      "instances": [
        {
          "index_key": 0,
          "schema_version": 0,
          "attributes": {
            "account_id": "tf-gke-fresh-cluster-hesx",
            "description": "",
            "disabled": false,
            "display_name": "Terraform-managed service account for cluster fresh-cluster",
            "email": "tf-gke-fresh-cluster-hesx@csci5409kubernetes.iam.gserviceaccount.com",
            "id": "projects/csci5409kubernetes/serviceAccounts/tf-gke-fresh-cluster-hesx@csci5409kubernetes.iam.gserviceaccount.com",
            "member": "serviceAccount:tf-gke-fresh-cluster-hesx@csci5409kubernetes.iam.gserviceaccount.com",
            "name": "projects/csci5409kubernetes/serviceAccounts/tf-gke-fresh-cluster-hesx@csci5409kubernetes.iam.gserviceaccount.com",
            "project": "csci5409kubernetes",
            "timeouts": null,
            "unique_id": "102577333127097577425"
          },
          "sensitive_attributes": [],
          "private": "eyJlMmJmYjczMC1lY2FhLTExZTYtOGY4OC0zNDM2M2JjN2M0YzAiOnsiY3JlYXRlIjozMDAwMDAwMDAwMDB9fQ==",
          "dependencies": [
            "module.gke.random_string.cluster_service_account_suffix"
          ]
        }
      ]
    },
    {
      "module": "module.gke",
      "mode": "managed",
      "type": "random_shuffle",
      "name": "available_zones",
      "provider": "provider[\"registry.terraform.io/hashicorp/random\"]",
      "instances": [
        {
          "schema_version": 0,
          "attributes": {
            "id": "-",
            "input": [],
            "keepers": null,
            "result": [],
            "result_count": 3,
            "seed": null
          },
          "sensitive_attributes": [],
          "dependencies": [
            "module.gke.data.google_compute_zones.available"
          ]
        }
      ]
    },
    {
      "module": "module.gke",
      "mode": "managed",
      "type": "random_string",
      "name": "cluster_service_account_suffix",
      "provider": "provider[\"registry.terraform.io/hashicorp/random\"]",
      "instances": [
        {
          "schema_version": 2,
          "attributes": {
            "id": "hesx",
            "keepers": null,
            "length": 4,
            "lower": true,
            "min_lower": 0,
            "min_numeric": 0,
            "min_special": 0,
            "min_upper": 0,
            "number": true,
            "numeric": true,
            "override_special": null,
            "result": "hesx",
            "special": false,
            "upper": false
          },
          "sensitive_attributes": []
        }
      ]
    }
  ],
  "check_results": null
}
